PODS:
  - Firebase (2.4.3)
  - FirebaseRxSwiftExtensions (2.0.1):
    - Firebase (~> 2.4.2)
    - RxSwift (~> 2.0.0-beta.3)
  - RxSwift (2.0.0-beta.3)

DEPENDENCIES:
  - FirebaseRxSwiftExtensions (from `../`)

EXTERNAL SOURCES:
  FirebaseRxSwiftExtensions:
    :path: ../

SPEC CHECKSUMS:
  Firebase: 48179995b561e2262c5d4060ecdffca45fbbff8b
  FirebaseRxSwiftExtensions: f789e39383fb908a8eb338de9b869f897680801a
  RxSwift: 19fbe885b404d1d36d42ac8535134739a9b42952

COCOAPODS: 0.39.0
